{
    "_meta": {
        "hash": {
            "sha256": "ba5898222c09ee372470914b660d1171bed75825d9971cec18a31939096024fc"
        },
        "pipfile-spec": 6,
        "requires": {
            "python_version": "3.7"
        },
        "sources": [
            {
                "name": "pypi",
                "url": "https://pypi.python.org/simple",
                "verify_ssl": true
            }
        ]
    },
    "default": {
        "amqp": {
            "hashes": [
                "sha256:043beb485774ca69718a35602089e524f87168268f0d1ae115f28b88d27f92d7",
                "sha256:35a3b5006ca00b21aaeec8ceea07130f07b902dd61bfe42815039835f962f5f1"
            ],
            "version": "==2.4.2"
        },
        "billiard": {
            "hashes": [
                "sha256:42d9a227401ac4fba892918bba0a0c409def5435c4b483267ebfe821afaaba0e"
            ],
            "version": "==3.5.0.5"
        },
        "celery": {
            "hashes": [
                "sha256:77dab4677e24dc654d42dfbdfed65fa760455b6bb563a0877ecc35f4cfcfc678",
                "sha256:ad7a7411772b80a4d6c64f2f7f723200e39fb66cf614a7fdfab76d345acc7b13"
            ],
            "index": "pypi",
            "version": "==4.2.1"
        },
        "kombu": {
            "hashes": [
                "sha256:750579c10e4ce82636cebdaad3cfc96970b4c7c483a040bb94fb52040bc53a48",
                "sha256:b1a68fe8a1144eab0359be6bbae5e03b6684c98b9b53de7a17ce6d64ef24e4ea"
            ],
            "version": "==4.4.0"
        },
        "pytz": {
            "hashes": [
                "sha256:32b0891edff07e28efe91284ed9c31e123d84bea3fd98e1f72be2508f43ef8d9",
                "sha256:d5f05e487007e29e03409f9398d074e158d920d36eb82eaf66fb1136b0c5374c"
            ],
            "version": "==2018.9"
        },
        "redis": {
            "hashes": [
                "sha256:724932360d48e5407e8f82e405ab3650a36ed02c7e460d1e6fddf0f038422b54",
                "sha256:9b19425a38fd074eb5795ff2b0d9a55b46a44f91f5347995f27e3ad257a7d775"
            ],
            "index": "pypi",
            "version": "==3.2.0"
        },
        "vine": {
            "hashes": [
                "sha256:3cd505dcf980223cfaf13423d371f2e7ff99247e38d5985a01ec8264e4f2aca1",
                "sha256:ee4813e915d0e1a54e5c1963fde0855337f82655678540a6bc5996bca4165f76"
            ],
            "version": "==1.2.0"
        }
    },
    "develop": {}
}
